// !$*UTF8*$!
{
	archiveVersion = 1;
	classes = {
	};
	objectVersion = 77;
	objects = {

/* Begin PBXBuildFile section */
		0D9D2B38517F4928E7660D15 /* StackChanNotesWidget.appex in Embed Foundation Extensions */ = {isa = PBXBuildFile; fileRef = 90B0C584761D23A8F5B381DC /* StackChanNotesWidget.appex */; settings = {ATTRIBUTES = (RemoveHeadersOnCopy, ); }; };
		1AFEE56DD21647A645159D29 /* DiaryView.swift in Sources */ = {isa = PBXBuildFile; fileRef = F62C19E6D654259E691D6474 /* DiaryView.swift */; };
		60A1428A6FE897347E2394B9 /* NoteStore.swift in Sources */ = {isa = PBXBuildFile; fileRef = 3AD72D4FED4488570BCA96ED /* NoteStore.swift */; };
		61576D5572BCCEA5587116ED /* NoteStore.swift in Sources */ = {isa = PBXBuildFile; fileRef = 3AD72D4FED4488570BCA96ED /* NoteStore.swift */; };
		7EBD54E6D6885AAA13F3CFA6 /* StackChanNotesApp.swift in Sources */ = {isa = PBXBuildFile; fileRef = 9CAF58838BD7BD34C55C270A /* StackChanNotesApp.swift */; };
		7F505FC43B317BECFBCF1ED1 /* NotesMirror.swift in Sources */ = {isa = PBXBuildFile; fileRef = 8D991EA2CD7ADE334CFD65C9 /* NotesMirror.swift */; };
		DB91CAC4866F15A5FDD08E58 /* StackChanNotesWidget.swift in Sources */ = {isa = PBXBuildFile; fileRef = AF59CC6778284ED3133132CE /* StackChanNotesWidget.swift */; };
/* End PBXBuildFile section */

/* Begin PBXContainerItemProxy section */
		460344AA218C5D2A5E767182 /* PBXContainerItemProxy */ = {
			isa = PBXContainerItemProxy;
			containerPortal = 1A6884E026E9C70C4A7161EB /* Project object */;
			proxyType = 1;
			remoteGlobalIDString = CD569FD4828EBAFB08C83C4F;
			remoteInfo = StackChanNotesWidget;
		};
/* End PBXContainerItemProxy section */

/* Begin PBXCopyFilesBuildPhase section */
		8ADBCBCAFC72F4225F052E80 /* Embed Foundation Extensions */ = {
			isa = PBXCopyFilesBuildPhase;
			buildActionMask = 2147483647;
			dstPath = "";
			dstSubfolderSpec = 13;
			files = (
				0D9D2B38517F4928E7660D15 /* StackChanNotesWidget.appex in Embed Foundation Extensions */,
			);
			name = "Embed Foundation Extensions";
			runOnlyForDeploymentPostprocessing = 0;
		};
/* End PBXCopyFilesBuildPhase section */

/* Begin PBXFileReference section */
		3AD72D4FED4488570BCA96ED /* NoteStore.swift */ = {isa = PBXFileReference; lastKnownFileType = sourcecode.swift; path = NoteStore.swift; sourceTree = "<group>"; };
		7D9ED287F21568518C44885F /* Info.plist */ = {isa = PBXFileReference; lastKnownFileType = text.plist; path = Info.plist; sourceTree = "<group>"; };
		8D991EA2CD7ADE334CFD65C9 /* NotesMirror.swift */ = {isa = PBXFileReference; lastKnownFileType = sourcecode.swift; path = NotesMirror.swift; sourceTree = "<group>"; };
		90B0C584761D23A8F5B381DC /* StackChanNotesWidget.appex */ = {isa = PBXFileReference; explicitFileType = "wrapper.app-extension"; includeInIndex = 0; path = StackChanNotesWidget.appex; sourceTree = BUILT_PRODUCTS_DIR; };
		9CAF58838BD7BD34C55C270A /* StackChanNotesApp.swift */ = {isa = PBXFileReference; lastKnownFileType = sourcecode.swift; path = StackChanNotesApp.swift; sourceTree = "<group>"; };
		A61A26D12B528429303C1AD1 /* Info.plist */ = {isa = PBXFileReference; lastKnownFileType = text.plist; path = Info.plist; sourceTree = "<group>"; };
		AF59CC6778284ED3133132CE /* StackChanNotesWidget.swift */ = {isa = PBXFileReference; lastKnownFileType = sourcecode.swift; path = StackChanNotesWidget.swift; sourceTree = "<group>"; };
		C55628C4B48A52DAFD05B905 /* StackChanNotesWidget.entitlements */ = {isa = PBXFileReference; lastKnownFileType = text.plist.entitlements; path = StackChanNotesWidget.entitlements; sourceTree = "<group>"; };
		D86E64157D65B00D05751E84 /* StackChanNotes.app */ = {isa = PBXFileReference; explicitFileType = wrapper.application; includeInIndex = 0; path = StackChanNotes.app; sourceTree = BUILT_PRODUCTS_DIR; };
		F54C4933A274AD6C400BBE85 /* StackChanNotes.entitlements */ = {isa = PBXFileReference; lastKnownFileType = text.plist.entitlements; path = StackChanNotes.entitlements; sourceTree = "<group>"; };
		F62C19E6D654259E691D6474 /* DiaryView.swift */ = {isa = PBXFileReference; lastKnownFileType = sourcecode.swift; path = DiaryView.swift; sourceTree = "<group>"; };
/* End PBXFileReference section */

/* Begin PBXGroup section */
		3E6BCFD4DC925E6A0B11F92A = {
			isa = PBXGroup;
			children = (
				6362C096B4AA871B79DFE6D8 /* Shared */,
				DA3BA2039F222259ED015254 /* StackChanNotes */,
				D308CBB6E4C1EE2AA403A095 /* StackChanNotesWidget */,
				5BB05CAEE5A698E64FD5D058 /* Products */,
			);
			sourceTree = "<group>";
		};
		5BB05CAEE5A698E64FD5D058 /* Products */ = {
			isa = PBXGroup;
			children = (
				D86E64157D65B00D05751E84 /* StackChanNotes.app */,
				90B0C584761D23A8F5B381DC /* StackChanNotesWidget.appex */,
			);
			name = Products;
			sourceTree = "<group>";
		};
		6362C096B4AA871B79DFE6D8 /* Shared */ = {
			isa = PBXGroup;
			children = (
				3AD72D4FED4488570BCA96ED /* NoteStore.swift */,
			);
			path = Shared;
			sourceTree = "<group>";
		};
		D308CBB6E4C1EE2AA403A095 /* StackChanNotesWidget */ = {
			isa = PBXGroup;
			children = (
				A61A26D12B528429303C1AD1 /* Info.plist */,
				C55628C4B48A52DAFD05B905 /* StackChanNotesWidget.entitlements */,
				AF59CC6778284ED3133132CE /* StackChanNotesWidget.swift */,
			);
			path = StackChanNotesWidget;
			sourceTree = "<group>";
		};
		DA3BA2039F222259ED015254 /* StackChanNotes */ = {
			isa = PBXGroup;
			children = (
				F62C19E6D654259E691D6474 /* DiaryView.swift */,
				7D9ED287F21568518C44885F /* Info.plist */,
				8D991EA2CD7ADE334CFD65C9 /* NotesMirror.swift */,
				F54C4933A274AD6C400BBE85 /* StackChanNotes.entitlements */,
				9CAF58838BD7BD34C55C270A /* StackChanNotesApp.swift */,
			);
			path = StackChanNotes;
			sourceTree = "<group>";
		};
/* End PBXGroup section */

/* Begin PBXNativeTarget section */
		CD569FD4828EBAFB08C83C4F /* StackChanNotesWidget */ = {
			isa = PBXNativeTarget;
			buildConfigurationList = 1DE9880DFBF152DEF6BF6D7E /* Build configuration list for PBXNativeTarget "StackChanNotesWidget" */;
			buildPhases = (
				0F1F99CB5417D980D2290AED /* Sources */,
			);
			buildRules = (
			);
			dependencies = (
			);
			name = StackChanNotesWidget;
			packageProductDependencies = (
			);
			productName = StackChanNotesWidget;
			productReference = 90B0C584761D23A8F5B381DC /* StackChanNotesWidget.appex */;
			productType = "com.apple.product-type.app-extension";
		};
		ECF291970D691D177A145055 /* StackChanNotes */ = {
			isa = PBXNativeTarget;
			buildConfigurationList = 040D31E53BCED7768D2E9852 /* Build configuration list for PBXNativeTarget "StackChanNotes" */;
			buildPhases = (
				39DD662ABC8D38BCC94EFAB6 /* Sources */,
				8ADBCBCAFC72F4225F052E80 /* Embed Foundation Extensions */,
			);
			buildRules = (
			);
			dependencies = (
				3AD367890287602968E94FCF /* PBXTargetDependency */,
			);
			name = StackChanNotes;
			packageProductDependencies = (
			);
			productName = StackChanNotes;
			productReference = D86E64157D65B00D05751E84 /* StackChanNotes.app */;
			productType = "com.apple.product-type.application";
		};
/* End PBXNativeTarget section */

/* Begin PBXProject section */
		1A6884E026E9C70C4A7161EB /* Project object */ = {
			isa = PBXProject;
			attributes = {
				BuildIndependentTargetsInParallel = YES;
				LastUpgradeCheck = 1430;
				TargetAttributes = {
					CD569FD4828EBAFB08C83C4F = {
						DevelopmentTeam = SJ8BKXTNUS;
						ProvisioningStyle = Automatic;
					};
					ECF291970D691D177A145055 = {
						DevelopmentTeam = SJ8BKXTNUS;
						ProvisioningStyle = Automatic;
					};
				};
			};
			buildConfigurationList = F8B55D4197EA6AC0B136BBB6 /* Build configuration list for PBXProject "StackChanNotes" */;
			developmentRegion = en;
			hasScannedForEncodings = 0;
			knownRegions = (
				Base,
				en,
			);
			mainGroup = 3E6BCFD4DC925E6A0B11F92A;
			minimizedProjectReferenceProxies = 1;
			preferredProjectObjectVersion = 77;
			productRefGroup = 5BB05CAEE5A698E64FD5D058 /* Products */;
			projectDirPath = "";
			projectRoot = "";
			targets = (
				ECF291970D691D177A145055 /* StackChanNotes */,
				CD569FD4828EBAFB08C83C4F /* StackChanNotesWidget */,
			);
		};
/* End PBXProject section */

/* Begin PBXSourcesBuildPhase section */
		0F1F99CB5417D980D2290AED /* Sources */ = {
			isa = PBXSourcesBuildPhase;
			buildActionMask = 2147483647;
			files = (
				60A1428A6FE897347E2394B9 /* NoteStore.swift in Sources */,
				DB91CAC4866F15A5FDD08E58 /* StackChanNotesWidget.swift in Sources */,
			);
			runOnlyForDeploymentPostprocessing = 0;
		};
		39DD662ABC8D38BCC94EFAB6 /* Sources */ = {
			isa = PBXSourcesBuildPhase;
			buildActionMask = 2147483647;
			files = (
				1AFEE56DD21647A645159D29 /* DiaryView.swift in Sources */,
				61576D5572BCCEA5587116ED /* NoteStore.swift in Sources */,
				7F505FC43B317BECFBCF1ED1 /* NotesMirror.swift in Sources */,
				7EBD54E6D6885AAA13F3CFA6 /* StackChanNotesApp.swift in Sources */,
			);
			runOnlyForDeploymentPostprocessing = 0;
		};
/* End PBXSourcesBuildPhase section */

/* Begin PBXTargetDependency section */
		3AD367890287602968E94FCF /* PBXTargetDependency */ = {
			isa = PBXTargetDependency;
			target = CD569FD4828EBAFB08C83C4F /* StackChanNotesWidget */;
			targetProxy = 460344AA218C5D2A5E767182 /* PBXContainerItemProxy */;
		};
/* End PBXTargetDependency section */

/* Begin XCBuildConfiguration section */
		08649886A906E3C3D2D1EFAD /* Debug */ = {
			isa = XCBuildConfiguration;
			buildSettings = {
				ALWAYS_SEARCH_USER_PATHS = NO;
				CLANG_ANALYZER_NONNULL = YES;
				CLANG_ANALYZER_NUMBER_OBJECT_CONVERSION = YES_AGGRESSIVE;
				CLANG_CXX_LANGUAGE_STANDARD = "gnu++14";
				CLANG_CXX_LIBRARY = "libc++";
				CLANG_ENABLE_MODULES = YES;
				CLANG_ENABLE_OBJC_ARC = YES;
				CLANG_ENABLE_OBJC_WEAK = YES;
				CLANG_WARN_BLOCK_CAPTURE_AUTORELEASING = YES;
				CLANG_WARN_BOOL_CONVERSION = YES;
				CLANG_WARN_COMMA = YES;
				CLANG_WARN_CONSTANT_CONVERSION = YES;
				CLANG_WARN_DEPRECATED_OBJC_IMPLEMENTATIONS = YES;
				CLANG_WARN_DIRECT_OBJC_ISA_USAGE = YES_ERROR;
				CLANG_WARN_DOCUMENTATION_COMMENTS = YES;
				CLANG_WARN_EMPTY_BODY = YES;
				CLANG_WARN_ENUM_CONVERSION = YES;
				CLANG_WARN_INFINITE_RECURSION = YES;
				CLANG_WARN_INT_CONVERSION = YES;
				CLANG_WARN_NON_LITERAL_NULL_CONVERSION = YES;
				CLANG_WARN_OBJC_IMPLICIT_RETAIN_SELF = YES;
				CLANG_WARN_OBJC_LITERAL_CONVERSION = YES;
				CLANG_WARN_OBJC_ROOT_CLASS = YES_ERROR;
				CLANG_WARN_QUOTED_INCLUDE_IN_FRAMEWORK_HEADER = YES;
				CLANG_WARN_RANGE_LOOP_ANALYSIS = YES;
				CLANG_WARN_STRICT_PROTOTYPES = YES;
				CLANG_WARN_SUSPICIOUS_MOVE = YES;
				CLANG_WARN_UNGUARDED_AVAILABILITY = YES_AGGRESSIVE;
				CLANG_WARN_UNREACHABLE_CODE = YES;
				CLANG_WARN__DUPLICATE_METHOD_MATCH = YES;
				CODE_SIGN_STYLE = Automatic;
				COPY_PHASE_STRIP = NO;
				CURRENT_PROJECT_VERSION = 1;
				DEBUG_INFORMATION_FORMAT = dwarf;
				DEVELOPMENT_TEAM = SJ8BKXTNUS;
				ENABLE_HARDENED_RUNTIME = NO;
				ENABLE_STRICT_OBJC_MSGSEND = YES;
				ENABLE_TESTABILITY = YES;
				GCC_C_LANGUAGE_STANDARD = gnu11;
				GCC_DYNAMIC_NO_PIC = NO;
				GCC_NO_COMMON_BLOCKS = YES;
				GCC_OPTIMIZATION_LEVEL = 0;
				GCC_PREPROCESSOR_DEFINITIONS = (
					"$(inherited)",
					"DEBUG=1",
				);
				GCC_WARN_64_TO_32_BIT_CONVERSION = YES;
				GCC_WARN_ABOUT_RETURN_TYPE = YES_ERROR;
				GCC_WARN_UNDECLARED_SELECTOR = YES;
				GCC_WARN_UNINITIALIZED_AUTOS = YES_AGGRESSIVE;
				GCC_WARN_UNUSED_FUNCTION = YES;
				GCC_WARN_UNUSED_VARIABLE = YES;
				GENERATE_INFOPLIST_FILE = NO;
				MACOSX_DEPLOYMENT_TARGET = 14.0;
				MARKETING_VERSION = 0.1.0;
				MTL_ENABLE_DEBUG_INFO = INCLUDE_SOURCE;
				MTL_FAST_MATH = YES;
				ONLY_ACTIVE_ARCH = YES;
				PRODUCT_NAME = "$(TARGET_NAME)";
				SDKROOT = macosx;
				SWIFT_ACTIVE_COMPILATION_CONDITIONS = DEBUG;
				SWIFT_OPTIMIZATION_LEVEL = "-Onone";
				SWIFT_STRICT_CONCURRENCY = complete;
				SWIFT_VERSION = 6.0;
			};
			name = Debug;
		};
		2D6B205C1C55D956676DC988 /* Debug */ = {
			isa = XCBuildConfiguration;
			buildSettings = {
				CODE_SIGN_ENTITLEMENTS = StackChanNotesWidget/StackChanNotesWidget.entitlements;
				COMBINE_HIDPI_IMAGES = YES;
				INFOPLIST_FILE = StackChanNotesWidget/Info.plist;
				LD_RUNPATH_SEARCH_PATHS = (
					"$(inherited)",
					"@executable_path/../Frameworks",
					"@executable_path/../../../../Frameworks",
				);
				PRODUCT_BUNDLE_IDENTIFIER = "com.github.cc-buddy-bridge.StackChanNotes.Widget";
				PRODUCT_NAME = StackChanNotesWidget;
				SDKROOT = macosx;
				SKIP_INSTALL = YES;
			};
			name = Debug;
		};
		3D20089933F9D14782C6FBC2 /* Release */ = {
			isa = XCBuildConfiguration;
			buildSettings = {
				CODE_SIGN_ENTITLEMENTS = StackChanNotesWidget/StackChanNotesWidget.entitlements;
				COMBINE_HIDPI_IMAGES = YES;
				INFOPLIST_FILE = StackChanNotesWidget/Info.plist;
				LD_RUNPATH_SEARCH_PATHS = (
					"$(inherited)",
					"@executable_path/../Frameworks",
					"@executable_path/../../../../Frameworks",
				);
				PRODUCT_BUNDLE_IDENTIFIER = "com.github.cc-buddy-bridge.StackChanNotes.Widget";
				PRODUCT_NAME = StackChanNotesWidget;
				SDKROOT = macosx;
				SKIP_INSTALL = YES;
			};
			name = Release;
		};
		5035A0BF765F0E0E57088510 /* Release */ = {
			isa = XCBuildConfiguration;
			buildSettings = {
				ALWAYS_SEARCH_USER_PATHS = NO;
				CLANG_ANALYZER_NONNULL = YES;
				CLANG_ANALYZER_NUMBER_OBJECT_CONVERSION = YES_AGGRESSIVE;
				CLANG_CXX_LANGUAGE_STANDARD = "gnu++14";
				CLANG_CXX_LIBRARY = "libc++";
				CLANG_ENABLE_MODULES = YES;
				CLANG_ENABLE_OBJC_ARC = YES;
				CLANG_ENABLE_OBJC_WEAK = YES;
				CLANG_WARN_BLOCK_CAPTURE_AUTORELEASING = YES;
				CLANG_WARN_BOOL_CONVERSION = YES;
				CLANG_WARN_COMMA = YES;
				CLANG_WARN_CONSTANT_CONVERSION = YES;
				CLANG_WARN_DEPRECATED_OBJC_IMPLEMENTATIONS = YES;
				CLANG_WARN_DIRECT_OBJC_ISA_USAGE = YES_ERROR;
				CLANG_WARN_DOCUMENTATION_COMMENTS = YES;
				CLANG_WARN_EMPTY_BODY = YES;
				CLANG_WARN_ENUM_CONVERSION = YES;
				CLANG_WARN_INFINITE_RECURSION = YES;
				CLANG_WARN_INT_CONVERSION = YES;
				CLANG_WARN_NON_LITERAL_NULL_CONVERSION = YES;
				CLANG_WARN_OBJC_IMPLICIT_RETAIN_SELF = YES;
				CLANG_WARN_OBJC_LITERAL_CONVERSION = YES;
				CLANG_WARN_OBJC_ROOT_CLASS = YES_ERROR;
				CLANG_WARN_QUOTED_INCLUDE_IN_FRAMEWORK_HEADER = YES;
				CLANG_WARN_RANGE_LOOP_ANALYSIS = YES;
				CLANG_WARN_STRICT_PROTOTYPES = YES;
				CLANG_WARN_SUSPICIOUS_MOVE = YES;
				CLANG_WARN_UNGUARDED_AVAILABILITY = YES_AGGRESSIVE;
				CLANG_WARN_UNREACHABLE_CODE = YES;
				CLANG_WARN__DUPLICATE_METHOD_MATCH = YES;
				CODE_SIGN_STYLE = Automatic;
				COPY_PHASE_STRIP = NO;
				CURRENT_PROJECT_VERSION = 1;
				DEBUG_INFORMATION_FORMAT = "dwarf-with-dsym";
				DEVELOPMENT_TEAM = SJ8BKXTNUS;
				ENABLE_HARDENED_RUNTIME = NO;
				ENABLE_NS_ASSERTIONS = NO;
				ENABLE_STRICT_OBJC_MSGSEND = YES;
				GCC_C_LANGUAGE_STANDARD = gnu11;
				GCC_NO_COMMON_BLOCKS = YES;
				GCC_WARN_64_TO_32_BIT_CONVERSION = YES;
				GCC_WARN_ABOUT_RETURN_TYPE = YES_ERROR;
				GCC_WARN_UNDECLARED_SELECTOR = YES;
				GCC_WARN_UNINITIALIZED_AUTOS = YES_AGGRESSIVE;
				GCC_WARN_UNUSED_FUNCTION = YES;
				GCC_WARN_UNUSED_VARIABLE = YES;
				GENERATE_INFOPLIST_FILE = NO;
				MACOSX_DEPLOYMENT_TARGET = 14.0;
				MARKETING_VERSION = 0.1.0;
				MTL_ENABLE_DEBUG_INFO = NO;
				MTL_FAST_MATH = YES;
				PRODUCT_NAME = "$(TARGET_NAME)";
				SDKROOT = macosx;
				SWIFT_COMPILATION_MODE = wholemodule;
				SWIFT_OPTIMIZATION_LEVEL = "-O";
				SWIFT_STRICT_CONCURRENCY = complete;
				SWIFT_VERSION = 6.0;
			};
			name = Release;
		};
		AF43295849597E5C11FE355B /* Release */ = {
			isa = XCBuildConfiguration;
			buildSettings = {
				ASSETCATALOG_COMPILER_APPICON_NAME = AppIcon;
				CODE_SIGN_ENTITLEMENTS = StackChanNotes/StackChanNotes.entitlements;
				COMBINE_HIDPI_IMAGES = YES;
				INFOPLIST_FILE = StackChanNotes/Info.plist;
				LD_RUNPATH_SEARCH_PATHS = (
					"$(inherited)",
					"@executable_path/../Frameworks",
				);
				PRODUCT_BUNDLE_IDENTIFIER = "com.github.cc-buddy-bridge.StackChanNotes";
				PRODUCT_NAME = StackChanNotes;
				SDKROOT = macosx;
			};
			name = Release;
		};
		CE1958B22047799977651F71 /* Debug */ = {
			isa = XCBuildConfiguration;
			buildSettings = {
				ASSETCATALOG_COMPILER_APPICON_NAME = AppIcon;
				CODE_SIGN_ENTITLEMENTS = StackChanNotes/StackChanNotes.entitlements;
				COMBINE_HIDPI_IMAGES = YES;
				INFOPLIST_FILE = StackChanNotes/Info.plist;
				LD_RUNPATH_SEARCH_PATHS = (
					"$(inherited)",
					"@executable_path/../Frameworks",
				);
				PRODUCT_BUNDLE_IDENTIFIER = "com.github.cc-buddy-bridge.StackChanNotes";
				PRODUCT_NAME = StackChanNotes;
				SDKROOT = macosx;
			};
			name = Debug;
		};
/* End XCBuildConfiguration section */

/* Begin XCConfigurationList section */
		040D31E53BCED7768D2E9852 /* Build configuration list for PBXNativeTarget "StackChanNotes" */ = {
			isa = XCConfigurationList;
			buildConfigurations = (
				CE1958B22047799977651F71 /* Debug */,
				AF43295849597E5C11FE355B /* Release */,
			);
			defaultConfigurationIsVisible = 0;
			defaultConfigurationName = Debug;
		};
		1DE9880DFBF152DEF6BF6D7E /* Build configuration list for PBXNativeTarget "StackChanNotesWidget" */ = {
			isa = XCConfigurationList;
			buildConfigurations = (
				2D6B205C1C55D956676DC988 /* Debug */,
				3D20089933F9D14782C6FBC2 /* Release */,
			);
			defaultConfigurationIsVisible = 0;
			defaultConfigurationName = Debug;
		};
		F8B55D4197EA6AC0B136BBB6 /* Build configuration list for PBXProject "StackChanNotes" */ = {
			isa = XCConfigurationList;
			buildConfigurations = (
				08649886A906E3C3D2D1EFAD /* Debug */,
				5035A0BF765F0E0E57088510 /* Release */,
			);
			defaultConfigurationIsVisible = 0;
			defaultConfigurationName = Debug;
		};
/* End XCConfigurationList section */
	};
	rootObject = 1A6884E026E9C70C4A7161EB /* Project object */;
}
